// !$*UTF8*$!
{
	archiveVersion = 1;
	classes = {
	};
	objectVersion = 46;
	objects = {

/* Begin PBXBuildFile section */
		598AF4B91473EDA80009B0F7 /* UIKit.framework in Frameworks */ = {isa = PBXBuildFile; fileRef = 598AF4B81473EDA80009B0F7 /* UIKit.framework */; };
		598AF4BB1473EDA80009B0F7 /* Foundation.framework in Frameworks */ = {isa = PBXBuildFile; fileRef = 598AF4BA1473EDA80009B0F7 /* Foundation.framework */; };
		598AF4BD1473EDA80009B0F7 /* CoreGraphics.framework in Frameworks */ = {isa = PBXBuildFile; fileRef = 598AF4BC1473EDA80009B0F7 /* CoreGraphics.framework */; };
		598AF4C31473EDA80009B0F7 /* InfoPlist.strings in Resources */ = {isa = PBXBuildFile; fileRef = 598AF4C11473EDA80009B0F7 /* InfoPlist.strings */; };
		598AF4C51473EDA80009B0F7 /* main.m in Sources */ = {isa = PBXBuildFile; fileRef = 598AF4C41473EDA80009B0F7 /* main.m */; };
		598AF4C91473EDA80009B0F7 /* AppDelegate.m in Sources */ = {isa = PBXBuildFile; fileRef = 598AF4C81473EDA80009B0F7 /* AppDelegate.m */; };
		598B612A14DAC5E000DBF1D9 /* BaseController.m in Sources */ = {isa = PBXBuildFile; fileRef = 598B612214DAC5E000DBF1D9 /* BaseController.m */; };
		598B612B14DAC5E000DBF1D9 /* CustomNavigationBar.m in Sources */ = {isa = PBXBuildFile; fileRef = 598B612414DAC5E000DBF1D9 /* CustomNavigationBar.m */; };
		598B612C14DAC5E000DBF1D9 /* CustomNavigationBarController.xib in Resources */ = {isa = PBXBuildFile; fileRef = 598B612514DAC5E000DBF1D9 /* CustomNavigationBarController.xib */; };
		598B612D14DAC5E000DBF1D9 /* UIColor+Additions.m in Sources */ = {isa = PBXBuildFile; fileRef = 598B612714DAC5E000DBF1D9 /* UIColor+Additions.m */; };
		598B612E14DAC5E000DBF1D9 /* UINavigationController+CustomNavBar.m in Sources */ = {isa = PBXBuildFile; fileRef = 598B612914DAC5E000DBF1D9 /* UINavigationController+CustomNavBar.m */; };
		598B613414DAC64200DBF1D9 /* Back_Btn.png in Resources */ = {isa = PBXBuildFile; fileRef = 598B613014DAC64200DBF1D9 /* Back_Btn.png */; };
		598B613514DAC64200DBF1D9 /* Back_Btn@2x.png in Resources */ = {isa = PBXBuildFile; fileRef = 598B613114DAC64200DBF1D9 /* Back_Btn@2x.png */; };
		598B613614DAC64200DBF1D9 /* Back_Btn_Clicked.png in Resources */ = {isa = PBXBuildFile; fileRef = 598B613214DAC64200DBF1D9 /* Back_Btn_Clicked.png */; };
		598B613714DAC64200DBF1D9 /* Back_Btn_Clicked@2x.png in Resources */ = {isa = PBXBuildFile; fileRef = 598B613314DAC64200DBF1D9 /* Back_Btn_Clicked@2x.png */; };
		598B613A14DAC6FF00DBF1D9 /* navbar.png in Resources */ = {isa = PBXBuildFile; fileRef = 598B613814DAC6FF00DBF1D9 /* navbar.png */; };
		598B613B14DAC6FF00DBF1D9 /* navbar@2x.png in Resources */ = {isa = PBXBuildFile; fileRef = 598B613914DAC6FF00DBF1D9 /* navbar@2x.png */; };
		598B613F14DAD1E700DBF1D9 /* TableViewController.m in Sources */ = {isa = PBXBuildFile; fileRef = 598B613D14DAD1E700DBF1D9 /* TableViewController.m */; };
		598B614014DAD1E700DBF1D9 /* TableViewController.xib in Resources */ = {isa = PBXBuildFile; fileRef = 598B613E14DAD1E700DBF1D9 /* TableViewController.xib */; };
		598B614414DAD40400DBF1D9 /* UACellBackgroundView.mm in Sources */ = {isa = PBXBuildFile; fileRef = 598B614314DAD40400DBF1D9 /* UACellBackgroundView.mm */; };
		598B614714DAD54A00DBF1D9 /* CustomTableViewCell.m in Sources */ = {isa = PBXBuildFile; fileRef = 598B614614DAD54A00DBF1D9 /* CustomTableViewCell.m */; };
/* End PBXBuildFile section */

/* Begin PBXFileReference section */
		598AF4B41473EDA80009B0F7 /* CustomNavigationBarController.app */ = {isa = PBXFileReference; explicitFileType = wrapper.application; includeInIndex = 0; path = CustomNavigationBarController.app; sourceTree = BUILT_PRODUCTS_DIR; };
		598AF4B81473EDA80009B0F7 /* UIKit.framework */ = {isa = PBXFileReference; lastKnownFileType = wrapper.framework; name = UIKit.framework; path = System/Library/Frameworks/UIKit.framework; sourceTree = SDKROOT; };
		598AF4BA1473EDA80009B0F7 /* Foundation.framework */ = {isa = PBXFileReference; lastKnownFileType = wrapper.framework; name = Foundation.framework; path = System/Library/Frameworks/Foundation.framework; sourceTree = SDKROOT; };
		598AF4BC1473EDA80009B0F7 /* CoreGraphics.framework */ = {isa = PBXFileReference; lastKnownFileType = wrapper.framework; name = CoreGraphics.framework; path = System/Library/Frameworks/CoreGraphics.framework; sourceTree = SDKROOT; };
		598AF4C01473EDA80009B0F7 /* CustomNavigationBarController-Info.plist */ = {isa = PBXFileReference; lastKnownFileType = text.plist.xml; path = "CustomNavigationBarController-Info.plist"; sourceTree = "<group>"; };
		598AF4C21473EDA80009B0F7 /* en */ = {isa = PBXFileReference; lastKnownFileType = text.plist.strings; name = en; path = en.lproj/InfoPlist.strings; sourceTree = "<group>"; };
		598AF4C41473EDA80009B0F7 /* main.m */ = {isa = PBXFileReference; lastKnownFileType = sourcecode.c.objc; path = main.m; sourceTree = "<group>"; };
		598AF4C61473EDA80009B0F7 /* CustomNavigationBarController-Prefix.pch */ = {isa = PBXFileReference; lastKnownFileType = sourcecode.c.h; path = "CustomNavigationBarController-Prefix.pch"; sourceTree = "<group>"; };
		598AF4C71473EDA80009B0F7 /* AppDelegate.h */ = {isa = PBXFileReference; lastKnownFileType = sourcecode.c.h; path = AppDelegate.h; sourceTree = "<group>"; };
		598AF4C81473EDA80009B0F7 /* AppDelegate.m */ = {isa = PBXFileReference; lastKnownFileType = sourcecode.c.objc; path = AppDelegate.m; sourceTree = "<group>"; };
		598B612114DAC5E000DBF1D9 /* BaseController.h */ = {isa = PBXFileReference; fileEncoding = 4; lastKnownFileType = sourcecode.c.h; name = BaseController.h; path = CustomNavigation/BaseController.h; sourceTree = "<group>"; };
		598B612214DAC5E000DBF1D9 /* BaseController.m */ = {isa = PBXFileReference; fileEncoding = 4; lastKnownFileType = sourcecode.c.objc; name = BaseController.m; path = CustomNavigation/BaseController.m; sourceTree = "<group>"; };
		598B612314DAC5E000DBF1D9 /* CustomNavigationBar.h */ = {isa = PBXFileReference; fileEncoding = 4; lastKnownFileType = sourcecode.c.h; path = CustomNavigationBar.h; sourceTree = "<group>"; };
		598B612414DAC5E000DBF1D9 /* CustomNavigationBar.m */ = {isa = PBXFileReference; fileEncoding = 4; lastKnownFileType = sourcecode.c.objc; path = CustomNavigationBar.m; sourceTree = "<group>"; };
		598B612514DAC5E000DBF1D9 /* CustomNavigationBarController.xib */ = {isa = PBXFileReference; fileEncoding = 4; lastKnownFileType = file.xib; path = CustomNavigationBarController.xib; sourceTree = "<group>"; };
		598B612614DAC5E000DBF1D9 /* UIColor+Additions.h */ = {isa = PBXFileReference; fileEncoding = 4; lastKnownFileType = sourcecode.c.h; path = "UIColor+Additions.h"; sourceTree = "<group>"; };
		598B612714DAC5E000DBF1D9 /* UIColor+Additions.m */ = {isa = PBXFileReference; fileEncoding = 4; lastKnownFileType = sourcecode.c.objc; path = "UIColor+Additions.m"; sourceTree = "<group>"; };
		598B612814DAC5E000DBF1D9 /* UINavigationController+CustomNavBar.h */ = {isa = PBXFileReference; fileEncoding = 4; lastKnownFileType = sourcecode.c.h; path = "UINavigationController+CustomNavBar.h"; sourceTree = "<group>"; };
		598B612914DAC5E000DBF1D9 /* UINavigationController+CustomNavBar.m */ = {isa = PBXFileReference; fileEncoding = 4; lastKnownFileType = sourcecode.c.objc; path = "UINavigationController+CustomNavBar.m"; sourceTree = "<group>"; };
		598B613014DAC64200DBF1D9 /* Back_Btn.png */ = {isa = PBXFileReference; lastKnownFileType = image.png; path = Back_Btn.png; sourceTree = "<group>"; };
		598B613114DAC64200DBF1D9 /* Back_Btn@2x.png */ = {isa = PBXFileReference; lastKnownFileType = image.png; path = "Back_Btn@2x.png"; sourceTree = "<group>"; };
		598B613214DAC64200DBF1D9 /* Back_Btn_Clicked.png */ = {isa = PBXFileReference; lastKnownFileType = image.png; path = Back_Btn_Clicked.png; sourceTree = "<group>"; };
		598B613314DAC64200DBF1D9 /* Back_Btn_Clicked@2x.png */ = {isa = PBXFileReference; lastKnownFileType = image.png; path = "Back_Btn_Clicked@2x.png"; sourceTree = "<group>"; };
		598B613814DAC6FF00DBF1D9 /* navbar.png */ = {isa = PBXFileReference; lastKnownFileType = image.png; path = navbar.png; sourceTree = "<group>"; };
		598B613914DAC6FF00DBF1D9 /* navbar@2x.png */ = {isa = PBXFileReference; lastKnownFileType = image.png; path = "navbar@2x.png"; sourceTree = "<group>"; };
		598B613C14DAD1E600DBF1D9 /* TableViewController.h */ = {isa = PBXFileReference; fileEncoding = 4; lastKnownFileType = sourcecode.c.h; path = TableViewController.h; sourceTree = "<group>"; };
		598B613D14DAD1E700DBF1D9 /* TableViewController.m */ = {isa = PBXFileReference; fileEncoding = 4; lastKnownFileType = sourcecode.c.objc; path = TableViewController.m; sourceTree = "<group>"; };
		598B613E14DAD1E700DBF1D9 /* TableViewController.xib */ = {isa = PBXFileReference; fileEncoding = 4; lastKnownFileType = file.xib; path = TableViewController.xib; sourceTree = "<group>"; };
		598B614214DAD40400DBF1D9 /* UACellBackgroundView.h */ = {isa = PBXFileReference; fileEncoding = 4; lastKnownFileType = sourcecode.c.h; path = UACellBackgroundView.h; sourceTree = "<group>"; };
		598B614314DAD40400DBF1D9 /* UACellBackgroundView.mm */ = {isa = PBXFileReference; fileEncoding = 4; lastKnownFileType = sourcecode.cpp.objcpp; path = UACellBackgroundView.mm; sourceTree = "<group>"; };
		598B614514DAD54A00DBF1D9 /* CustomTableViewCell.h */ = {isa = PBXFileReference; fileEncoding = 4; lastKnownFileType = sourcecode.c.h; path = CustomTableViewCell.h; sourceTree = "<group>"; };
		598B614614DAD54A00DBF1D9 /* CustomTableViewCell.m */ = {isa = PBXFileReference; fileEncoding = 4; lastKnownFileType = sourcecode.c.objc; path = CustomTableViewCell.m; sourceTree = "<group>"; };
/* End PBXFileReference section */

/* Begin PBXFrameworksBuildPhase section */
		598AF4B11473EDA80009B0F7 /* Frameworks */ = {
			isa = PBXFrameworksBuildPhase;
			buildActionMask = 2147483647;
			files = (
				598AF4B91473EDA80009B0F7 /* UIKit.framework in Frameworks */,
				598AF4BB1473EDA80009B0F7 /* Foundation.framework in Frameworks */,
				598AF4BD1473EDA80009B0F7 /* CoreGraphics.framework in Frameworks */,
			);
			runOnlyForDeploymentPostprocessing = 0;
		};
/* End PBXFrameworksBuildPhase section */

/* Begin PBXGroup section */
		598AF4A91473EDA80009B0F7 = {
			isa = PBXGroup;
			children = (
				598AF4BE1473EDA80009B0F7 /* CustomNavigationBarController */,
				598AF4B71473EDA80009B0F7 /* Frameworks */,
				598AF4B51473EDA80009B0F7 /* Products */,
			);
			sourceTree = "<group>";
		};
		598AF4B51473EDA80009B0F7 /* Products */ = {
			isa = PBXGroup;
			children = (
				598AF4B41473EDA80009B0F7 /* CustomNavigationBarController.app */,
			);
			name = Products;
			sourceTree = "<group>";
		};
		598AF4B71473EDA80009B0F7 /* Frameworks */ = {
			isa = PBXGroup;
			children = (
				598AF4B81473EDA80009B0F7 /* UIKit.framework */,
				598AF4BA1473EDA80009B0F7 /* Foundation.framework */,
				598AF4BC1473EDA80009B0F7 /* CoreGraphics.framework */,
			);
			name = Frameworks;
			sourceTree = "<group>";
		};
		598AF4BE1473EDA80009B0F7 /* CustomNavigationBarController */ = {
			isa = PBXGroup;
			children = (
				598B612014DAC5E000DBF1D9 /* CustomNavigation */,
				598B614114DAD40400DBF1D9 /* CellBackgroundView */,
				598AF4C71473EDA80009B0F7 /* AppDelegate.h */,
				598AF4C81473EDA80009B0F7 /* AppDelegate.m */,
				598B612114DAC5E000DBF1D9 /* BaseController.h */,
				598B612214DAC5E000DBF1D9 /* BaseController.m */,
				598B614514DAD54A00DBF1D9 /* CustomTableViewCell.h */,
				598B614614DAD54A00DBF1D9 /* CustomTableViewCell.m */,
				598B613C14DAD1E600DBF1D9 /* TableViewController.h */,
				598B613D14DAD1E700DBF1D9 /* TableViewController.m */,
				598B613E14DAD1E700DBF1D9 /* TableViewController.xib */,
				598AF4BF1473EDA80009B0F7 /* Supporting Files */,
			);
			path = CustomNavigationBarController;
			sourceTree = "<group>";
		};
		598AF4BF1473EDA80009B0F7 /* Supporting Files */ = {
			isa = PBXGroup;
			children = (
				598B612F14DAC64200DBF1D9 /* image */,
				598AF4C01473EDA80009B0F7 /* CustomNavigationBarController-Info.plist */,
				598AF4C11473EDA80009B0F7 /* InfoPlist.strings */,
				598AF4C41473EDA80009B0F7 /* main.m */,
				598AF4C61473EDA80009B0F7 /* CustomNavigationBarController-Prefix.pch */,
			);
			name = "Supporting Files";
			sourceTree = "<group>";
		};
		598B612014DAC5E000DBF1D9 /* CustomNavigation */ = {
			isa = PBXGroup;
			children = (
				598B612314DAC5E000DBF1D9 /* CustomNavigationBar.h */,
				598B612414DAC5E000DBF1D9 /* CustomNavigationBar.m */,
				598B612514DAC5E000DBF1D9 /* CustomNavigationBarController.xib */,
				598B612614DAC5E000DBF1D9 /* UIColor+Additions.h */,
				598B612714DAC5E000DBF1D9 /* UIColor+Additions.m */,
				598B612814DAC5E000DBF1D9 /* UINavigationController+CustomNavBar.h */,
				598B612914DAC5E000DBF1D9 /* UINavigationController+CustomNavBar.m */,
			);
			path = CustomNavigation;
			sourceTree = "<group>";
		};
		598B612F14DAC64200DBF1D9 /* image */ = {
			isa = PBXGroup;
			children = (
				598B613814DAC6FF00DBF1D9 /* navbar.png */,
				598B613914DAC6FF00DBF1D9 /* navbar@2x.png */,
				598B613014DAC64200DBF1D9 /* Back_Btn.png */,
				598B613114DAC64200DBF1D9 /* Back_Btn@2x.png */,
				598B613214DAC64200DBF1D9 /* Back_Btn_Clicked.png */,
				598B613314DAC64200DBF1D9 /* Back_Btn_Clicked@2x.png */,
			);
			path = image;
			sourceTree = "<group>";
		};
		598B614114DAD40400DBF1D9 /* CellBackgroundView */ = {
			isa = PBXGroup;
			children = (
				598B614214DAD40400DBF1D9 /* UACellBackgroundView.h */,
				598B614314DAD40400DBF1D9 /* UACellBackgroundView.mm */,
			);
			path = CellBackgroundView;
			sourceTree = "<group>";
		};
/* End PBXGroup section */

/* Begin PBXNativeTarget section */
		598AF4B31473EDA80009B0F7 /* CustomNavigationBarController */ = {
			isa = PBXNativeTarget;
			buildConfigurationList = 598AF4CC1473EDA80009B0F7 /* Build configuration list for PBXNativeTarget "CustomNavigationBarController" */;
			buildPhases = (
				598AF4B01473EDA80009B0F7 /* Sources */,
				598AF4B11473EDA80009B0F7 /* Frameworks */,
				598AF4B21473EDA80009B0F7 /* Resources */,
			);
			buildRules = (
			);
			dependencies = (
			);
			name = CustomNavigationBarController;
			productName = CustomNavigationBarController;
			productReference = 598AF4B41473EDA80009B0F7 /* CustomNavigationBarController.app */;
			productType = "com.apple.product-type.application";
		};
/* End PBXNativeTarget section */

/* Begin PBXProject section */
		598AF4AB1473EDA80009B0F7 /* Project object */ = {
			isa = PBXProject;
			attributes = {
				LastUpgradeCheck = 0420;
			};
			buildConfigurationList = 598AF4AE1473EDA80009B0F7 /* Build configuration list for PBXProject "CustomNavigationBarController" */;
			compatibilityVersion = "Xcode 3.2";
			developmentRegion = English;
			hasScannedForEncodings = 0;
			knownRegions = (
				en,
			);
			mainGroup = 598AF4A91473EDA80009B0F7;
			productRefGroup = 598AF4B51473EDA80009B0F7 /* Products */;
			projectDirPath = "";
			projectRoot = "";
			targets = (
				598AF4B31473EDA80009B0F7 /* CustomNavigationBarController */,
			);
		};
/* End PBXProject section */

/* Begin PBXResourcesBuildPhase section */
		598AF4B21473EDA80009B0F7 /* Resources */ = {
			isa = PBXResourcesBuildPhase;
			buildActionMask = 2147483647;
			files = (
				598AF4C31473EDA80009B0F7 /* InfoPlist.strings in Resources */,
				598B612C14DAC5E000DBF1D9 /* CustomNavigationBarController.xib in Resources */,
				598B613414DAC64200DBF1D9 /* Back_Btn.png in Resources */,
				598B613514DAC64200DBF1D9 /* Back_Btn@2x.png in Resources */,
				598B613614DAC64200DBF1D9 /* Back_Btn_Clicked.png in Resources */,
				598B613714DAC64200DBF1D9 /* Back_Btn_Clicked@2x.png in Resources */,
				598B613A14DAC6FF00DBF1D9 /* navbar.png in Resources */,
				598B613B14DAC6FF00DBF1D9 /* navbar@2x.png in Resources */,
				598B614014DAD1E700DBF1D9 /* TableViewController.xib in Resources */,
			);
			runOnlyForDeploymentPostprocessing = 0;
		};
/* End PBXResourcesBuildPhase section */

/* Begin PBXSourcesBuildPhase section */
		598AF4B01473EDA80009B0F7 /* Sources */ = {
			isa = PBXSourcesBuildPhase;
			buildActionMask = 2147483647;
			files = (
				598AF4C51473EDA80009B0F7 /* main.m in Sources */,
				598AF4C91473EDA80009B0F7 /* AppDelegate.m in Sources */,
				598B612A14DAC5E000DBF1D9 /* BaseController.m in Sources */,
				598B612B14DAC5E000DBF1D9 /* CustomNavigationBar.m in Sources */,
				598B612D14DAC5E000DBF1D9 /* UIColor+Additions.m in Sources */,
				598B612E14DAC5E000DBF1D9 /* UINavigationController+CustomNavBar.m in Sources */,
				598B613F14DAD1E700DBF1D9 /* TableViewController.m in Sources */,
				598B614414DAD40400DBF1D9 /* UACellBackgroundView.mm in Sources */,
				598B614714DAD54A00DBF1D9 /* CustomTableViewCell.m in Sources */,
			);
			runOnlyForDeploymentPostprocessing = 0;
		};
/* End PBXSourcesBuildPhase section */

/* Begin PBXVariantGroup section */
		598AF4C11473EDA80009B0F7 /* InfoPlist.strings */ = {
			isa = PBXVariantGroup;
			children = (
				598AF4C21473EDA80009B0F7 /* en */,
			);
			name = InfoPlist.strings;
			sourceTree = "<group>";
		};
/* End PBXVariantGroup section */

/* Begin XCBuildConfiguration section */
		598AF4CA1473EDA80009B0F7 /* Debug */ = {
			isa = XCBuildConfiguration;
			buildSettings = {
				ALWAYS_SEARCH_USER_PATHS = NO;
				ARCHS = "$(ARCHS_STANDARD_32_BIT)";
				"CODE_SIGN_IDENTITY[sdk=iphoneos*]" = "iPhone Developer";
				COPY_PHASE_STRIP = NO;
				GCC_C_LANGUAGE_STANDARD = gnu99;
				GCC_DYNAMIC_NO_PIC = NO;
				GCC_OPTIMIZATION_LEVEL = 0;
				GCC_PREPROCESSOR_DEFINITIONS = (
					"DEBUG=1",
					"$(inherited)",
				);
				GCC_SYMBOLS_PRIVATE_EXTERN = NO;
				GCC_VERSION = com.apple.compilers.llvm.clang.1_0;
				GCC_WARN_ABOUT_MISSING_PROTOTYPES = YES;
				GCC_WARN_ABOUT_RETURN_TYPE = YES;
				GCC_WARN_UNUSED_VARIABLE = YES;
				IPHONEOS_DEPLOYMENT_TARGET = 5.0;
				SDKROOT = iphoneos;
			};
			name = Debug;
		};
		598AF4CB1473EDA80009B0F7 /* Release */ = {
			isa = XCBuildConfiguration;
			buildSettings = {
				ALWAYS_SEARCH_USER_PATHS = NO;
				ARCHS = "$(ARCHS_STANDARD_32_BIT)";
				"CODE_SIGN_IDENTITY[sdk=iphoneos*]" = "iPhone Developer";
				COPY_PHASE_STRIP = YES;
				GCC_C_LANGUAGE_STANDARD = gnu99;
				GCC_VERSION = com.apple.compilers.llvm.clang.1_0;
				GCC_WARN_ABOUT_MISSING_PROTOTYPES = YES;
				GCC_WARN_ABOUT_RETURN_TYPE = YES;
				GCC_WARN_UNUSED_VARIABLE = YES;
				IPHONEOS_DEPLOYMENT_TARGET = 5.0;
				OTHER_CFLAGS = "-DNS_BLOCK_ASSERTIONS=1";
				SDKROOT = iphoneos;
				VALIDATE_PRODUCT = YES;
			};
			name = Release;
		};
		598AF4CD1473EDA80009B0F7 /* Debug */ = {
			isa = XCBuildConfiguration;
			buildSettings = {
				GCC_PRECOMPILE_PREFIX_HEADER = YES;
				GCC_PREFIX_HEADER = "CustomNavigationBarController/CustomNavigationBarController-Prefix.pch";
				INFOPLIST_FILE = "CustomNavigationBarController/CustomNavigationBarController-Info.plist";
				IPHONEOS_DEPLOYMENT_TARGET = 3.0;
				PRODUCT_NAME = "$(TARGET_NAME)";
				WRAPPER_EXTENSION = app;
			};
			name = Debug;
		};
		598AF4CE1473EDA80009B0F7 /* Release */ = {
			isa = XCBuildConfiguration;
			buildSettings = {
				GCC_PRECOMPILE_PREFIX_HEADER = YES;
				GCC_PREFIX_HEADER = "CustomNavigationBarController/CustomNavigationBarController-Prefix.pch";
				INFOPLIST_FILE = "CustomNavigationBarController/CustomNavigationBarController-Info.plist";
				IPHONEOS_DEPLOYMENT_TARGET = 3.0;
				PRODUCT_NAME = "$(TARGET_NAME)";
				WRAPPER_EXTENSION = app;
			};
			name = Release;
		};
/* End XCBuildConfiguration section */

/* Begin XCConfigurationList section */
		598AF4AE1473EDA80009B0F7 /* Build configuration list for PBXProject "CustomNavigationBarController" */ = {
			isa = XCConfigurationList;
			buildConfigurations = (
				598AF4CA1473EDA80009B0F7 /* Debug */,
				598AF4CB1473EDA80009B0F7 /* Release */,
			);
			defaultConfigurationIsVisible = 0;
			defaultConfigurationName = Release;
		};
		598AF4CC1473EDA80009B0F7 /* Build configuration list for PBXNativeTarget "CustomNavigationBarController" */ = {
			isa = XCConfigurationList;
			buildConfigurations = (
				598AF4CD1473EDA80009B0F7 /* Debug */,
				598AF4CE1473EDA80009B0F7 /* Release */,
			);
			defaultConfigurationIsVisible = 0;
			defaultConfigurationName = Release;
		};
/* End XCConfigurationList section */
	};
	rootObject = 598AF4AB1473EDA80009B0F7 /* Project object */;
}
