// !$*UTF8*$!
{
	archiveVersion = 1;
	classes = {
	};
	objectVersion = 46;
	objects = {

/* Begin PBXBuildFile section */
		598AF4B91473EDA80009B0F7 /* UIKit.framework in Frameworks */ = {isa = PBXBuildFile; fileRef = 598AF4B81473EDA80009B0F7 /* UIKit.framework */; };
		598AF4BB1473EDA80009B0F7 /* Foundation.framework in Frameworks */ = {isa = PBXBuildFile; fileRef = 598AF4BA1473EDA80009B0F7 /* Foundation.framework */; };
		598AF4BD1473EDA80009B0F7 /* CoreGraphics.framework in Frameworks */ = {isa = PBXBuildFile; fileRef = 598AF4BC1473EDA80009B0F7 /* CoreGraphics.framework */; };
		598AF4C31473EDA80009B0F7 /* InfoPlist.strings in Resources */ = {isa = PBXBuildFile; fileRef = 598AF4C11473EDA80009B0F7 /* InfoPlist.strings */; };
		598AF4C51473EDA80009B0F7 /* main.m in Sources */ = {isa = PBXBuildFile; fileRef = 598AF4C41473EDA80009B0F7 /* main.m */; };
		598AF4C91473EDA80009B0F7 /* AppDelegate.m in Sources */ = {isa = PBXBuildFile; fileRef = 598AF4C81473EDA80009B0F7 /* AppDelegate.m */; };
		598AF4D01473EF890009B0F7 /* CustomNavigationBarController.xib in Resources */ = {isa = PBXBuildFile; fileRef = 598AF4CF1473EF890009B0F7 /* CustomNavigationBarController.xib */; };
		598AF4D31473EFD70009B0F7 /* CustomNavigationBar.m in Sources */ = {isa = PBXBuildFile; fileRef = 598AF4D21473EFD70009B0F7 /* CustomNavigationBar.m */; };
		598AF4D91473F7410009B0F7 /* UINavigationController+CustomNavBar.m in Sources */ = {isa = PBXBuildFile; fileRef = 598AF4D81473F7410009B0F7 /* UINavigationController+CustomNavBar.m */; };
/* End PBXBuildFile section */

/* Begin PBXFileReference section */
		598AF4B41473EDA80009B0F7 /* CustomNavigationBarController.app */ = {isa = PBXFileReference; explicitFileType = wrapper.application; includeInIndex = 0; path = CustomNavigationBarController.app; sourceTree = BUILT_PRODUCTS_DIR; };
		598AF4B81473EDA80009B0F7 /* UIKit.framework */ = {isa = PBXFileReference; lastKnownFileType = wrapper.framework; name = UIKit.framework; path = System/Library/Frameworks/UIKit.framework; sourceTree = SDKROOT; };
		598AF4BA1473EDA80009B0F7 /* Foundation.framework */ = {isa = PBXFileReference; lastKnownFileType = wrapper.framework; name = Foundation.framework; path = System/Library/Frameworks/Foundation.framework; sourceTree = SDKROOT; };
		598AF4BC1473EDA80009B0F7 /* CoreGraphics.framework */ = {isa = PBXFileReference; lastKnownFileType = wrapper.framework; name = CoreGraphics.framework; path = System/Library/Frameworks/CoreGraphics.framework; sourceTree = SDKROOT; };
		598AF4C01473EDA80009B0F7 /* CustomNavigationBarController-Info.plist */ = {isa = PBXFileReference; lastKnownFileType = text.plist.xml; path = "CustomNavigationBarController-Info.plist"; sourceTree = "<group>"; };
		598AF4C21473EDA80009B0F7 /* en */ = {isa = PBXFileReference; lastKnownFileType = text.plist.strings; name = en; path = en.lproj/InfoPlist.strings; sourceTree = "<group>"; };
		598AF4C41473EDA80009B0F7 /* main.m */ = {isa = PBXFileReference; lastKnownFileType = sourcecode.c.objc; path = main.m; sourceTree = "<group>"; };
		598AF4C61473EDA80009B0F7 /* CustomNavigationBarController-Prefix.pch */ = {isa = PBXFileReference; lastKnownFileType = sourcecode.c.h; path = "CustomNavigationBarController-Prefix.pch"; sourceTree = "<group>"; };
		598AF4C71473EDA80009B0F7 /* AppDelegate.h */ = {isa = PBXFileReference; lastKnownFileType = sourcecode.c.h; path = AppDelegate.h; sourceTree = "<group>"; };
		598AF4C81473EDA80009B0F7 /* AppDelegate.m */ = {isa = PBXFileReference; lastKnownFileType = sourcecode.c.objc; path = AppDelegate.m; sourceTree = "<group>"; };
		598AF4CF1473EF890009B0F7 /* CustomNavigationBarController.xib */ = {isa = PBXFileReference; fileEncoding = 4; lastKnownFileType = file.xib; path = CustomNavigationBarController.xib; sourceTree = "<group>"; };
		598AF4D11473EFD70009B0F7 /* CustomNavigationBar.h */ = {isa = PBXFileReference; fileEncoding = 4; lastKnownFileType = sourcecode.c.h; path = CustomNavigationBar.h; sourceTree = "<group>"; };
		598AF4D21473EFD70009B0F7 /* CustomNavigationBar.m */ = {isa = PBXFileReference; fileEncoding = 4; lastKnownFileType = sourcecode.c.objc; path = CustomNavigationBar.m; sourceTree = "<group>"; };
		598AF4D71473F7410009B0F7 /* UINavigationController+CustomNavBar.h */ = {isa = PBXFileReference; fileEncoding = 4; lastKnownFileType = sourcecode.c.h; path = "UINavigationController+CustomNavBar.h"; sourceTree = "<group>"; };
		598AF4D81473F7410009B0F7 /* UINavigationController+CustomNavBar.m */ = {isa = PBXFileReference; fileEncoding = 4; lastKnownFileType = sourcecode.c.objc; path = "UINavigationController+CustomNavBar.m"; sourceTree = "<group>"; };
/* End PBXFileReference section */

/* Begin PBXFrameworksBuildPhase section */
		598AF4B11473EDA80009B0F7 /* Frameworks */ = {
			isa = PBXFrameworksBuildPhase;
			buildActionMask = 2147483647;
			files = (
				598AF4B91473EDA80009B0F7 /* UIKit.framework in Frameworks */,
				598AF4BB1473EDA80009B0F7 /* Foundation.framework in Frameworks */,
				598AF4BD1473EDA80009B0F7 /* CoreGraphics.framework in Frameworks */,
			);
			runOnlyForDeploymentPostprocessing = 0;
		};
/* End PBXFrameworksBuildPhase section */

/* Begin PBXGroup section */
		598AF4A91473EDA80009B0F7 = {
			isa = PBXGroup;
			children = (
				598AF4BE1473EDA80009B0F7 /* CustomNavigationBarController */,
				598AF4B71473EDA80009B0F7 /* Frameworks */,
				598AF4B51473EDA80009B0F7 /* Products */,
			);
			sourceTree = "<group>";
		};
		598AF4B51473EDA80009B0F7 /* Products */ = {
			isa = PBXGroup;
			children = (
				598AF4B41473EDA80009B0F7 /* CustomNavigationBarController.app */,
			);
			name = Products;
			sourceTree = "<group>";
		};
		598AF4B71473EDA80009B0F7 /* Frameworks */ = {
			isa = PBXGroup;
			children = (
				598AF4B81473EDA80009B0F7 /* UIKit.framework */,
				598AF4BA1473EDA80009B0F7 /* Foundation.framework */,
				598AF4BC1473EDA80009B0F7 /* CoreGraphics.framework */,
			);
			name = Frameworks;
			sourceTree = "<group>";
		};
		598AF4BE1473EDA80009B0F7 /* CustomNavigationBarController */ = {
			isa = PBXGroup;
			children = (
				598AF4C71473EDA80009B0F7 /* AppDelegate.h */,
				598AF4C81473EDA80009B0F7 /* AppDelegate.m */,
				598AF4D11473EFD70009B0F7 /* CustomNavigationBar.h */,
				598AF4D21473EFD70009B0F7 /* CustomNavigationBar.m */,
				598AF4CF1473EF890009B0F7 /* CustomNavigationBarController.xib */,
				598AF4D71473F7410009B0F7 /* UINavigationController+CustomNavBar.h */,
				598AF4D81473F7410009B0F7 /* UINavigationController+CustomNavBar.m */,
				598AF4BF1473EDA80009B0F7 /* Supporting Files */,
			);
			path = CustomNavigationBarController;
			sourceTree = "<group>";
		};
		598AF4BF1473EDA80009B0F7 /* Supporting Files */ = {
			isa = PBXGroup;
			children = (
				598AF4C01473EDA80009B0F7 /* CustomNavigationBarController-Info.plist */,
				598AF4C11473EDA80009B0F7 /* InfoPlist.strings */,
				598AF4C41473EDA80009B0F7 /* main.m */,
				598AF4C61473EDA80009B0F7 /* CustomNavigationBarController-Prefix.pch */,
			);
			name = "Supporting Files";
			sourceTree = "<group>";
		};
/* End PBXGroup section */

/* Begin PBXNativeTarget section */
		598AF4B31473EDA80009B0F7 /* CustomNavigationBarController */ = {
			isa = PBXNativeTarget;
			buildConfigurationList = 598AF4CC1473EDA80009B0F7 /* Build configuration list for PBXNativeTarget "CustomNavigationBarController" */;
			buildPhases = (
				598AF4B01473EDA80009B0F7 /* Sources */,
				598AF4B11473EDA80009B0F7 /* Frameworks */,
				598AF4B21473EDA80009B0F7 /* Resources */,
			);
			buildRules = (
			);
			dependencies = (
			);
			name = CustomNavigationBarController;
			productName = CustomNavigationBarController;
			productReference = 598AF4B41473EDA80009B0F7 /* CustomNavigationBarController.app */;
			productType = "com.apple.product-type.application";
		};
/* End PBXNativeTarget section */

/* Begin PBXProject section */
		598AF4AB1473EDA80009B0F7 /* Project object */ = {
			isa = PBXProject;
			attributes = {
				LastUpgradeCheck = 0420;
			};
			buildConfigurationList = 598AF4AE1473EDA80009B0F7 /* Build configuration list for PBXProject "CustomNavigationBarController" */;
			compatibilityVersion = "Xcode 3.2";
			developmentRegion = English;
			hasScannedForEncodings = 0;
			knownRegions = (
				en,
			);
			mainGroup = 598AF4A91473EDA80009B0F7;
			productRefGroup = 598AF4B51473EDA80009B0F7 /* Products */;
			projectDirPath = "";
			projectRoot = "";
			targets = (
				598AF4B31473EDA80009B0F7 /* CustomNavigationBarController */,
			);
		};
/* End PBXProject section */

/* Begin PBXResourcesBuildPhase section */
		598AF4B21473EDA80009B0F7 /* Resources */ = {
			isa = PBXResourcesBuildPhase;
			buildActionMask = 2147483647;
			files = (
				598AF4C31473EDA80009B0F7 /* InfoPlist.strings in Resources */,
				598AF4D01473EF890009B0F7 /* CustomNavigationBarController.xib in Resources */,
			);
			runOnlyForDeploymentPostprocessing = 0;
		};
/* End PBXResourcesBuildPhase section */

/* Begin PBXSourcesBuildPhase section */
		598AF4B01473EDA80009B0F7 /* Sources */ = {
			isa = PBXSourcesBuildPhase;
			buildActionMask = 2147483647;
			files = (
				598AF4C51473EDA80009B0F7 /* main.m in Sources */,
				598AF4C91473EDA80009B0F7 /* AppDelegate.m in Sources */,
				598AF4D31473EFD70009B0F7 /* CustomNavigationBar.m in Sources */,
				598AF4D91473F7410009B0F7 /* UINavigationController+CustomNavBar.m in Sources */,
			);
			runOnlyForDeploymentPostprocessing = 0;
		};
/* End PBXSourcesBuildPhase section */

/* Begin PBXVariantGroup section */
		598AF4C11473EDA80009B0F7 /* InfoPlist.strings */ = {
			isa = PBXVariantGroup;
			children = (
				598AF4C21473EDA80009B0F7 /* en */,
			);
			name = InfoPlist.strings;
			sourceTree = "<group>";
		};
/* End PBXVariantGroup section */

/* Begin XCBuildConfiguration section */
		598AF4CA1473EDA80009B0F7 /* Debug */ = {
			isa = XCBuildConfiguration;
			buildSettings = {
				ALWAYS_SEARCH_USER_PATHS = NO;
				ARCHS = "$(ARCHS_STANDARD_32_BIT)";
				"CODE_SIGN_IDENTITY[sdk=iphoneos*]" = "iPhone Developer";
				COPY_PHASE_STRIP = NO;
				GCC_C_LANGUAGE_STANDARD = gnu99;
				GCC_DYNAMIC_NO_PIC = NO;
				GCC_OPTIMIZATION_LEVEL = 0;
				GCC_PREPROCESSOR_DEFINITIONS = (
					"DEBUG=1",
					"$(inherited)",
				);
				GCC_SYMBOLS_PRIVATE_EXTERN = NO;
				GCC_VERSION = com.apple.compilers.llvm.clang.1_0;
				GCC_WARN_ABOUT_MISSING_PROTOTYPES = YES;
				GCC_WARN_ABOUT_RETURN_TYPE = YES;
				GCC_WARN_UNUSED_VARIABLE = YES;
				IPHONEOS_DEPLOYMENT_TARGET = 5.0;
				SDKROOT = iphoneos;
			};
			name = Debug;
		};
		598AF4CB1473EDA80009B0F7 /* Release */ = {
			isa = XCBuildConfiguration;
			buildSettings = {
				ALWAYS_SEARCH_USER_PATHS = NO;
				ARCHS = "$(ARCHS_STANDARD_32_BIT)";
				"CODE_SIGN_IDENTITY[sdk=iphoneos*]" = "iPhone Developer";
				COPY_PHASE_STRIP = YES;
				GCC_C_LANGUAGE_STANDARD = gnu99;
				GCC_VERSION = com.apple.compilers.llvm.clang.1_0;
				GCC_WARN_ABOUT_MISSING_PROTOTYPES = YES;
				GCC_WARN_ABOUT_RETURN_TYPE = YES;
				GCC_WARN_UNUSED_VARIABLE = YES;
				IPHONEOS_DEPLOYMENT_TARGET = 5.0;
				OTHER_CFLAGS = "-DNS_BLOCK_ASSERTIONS=1";
				SDKROOT = iphoneos;
				VALIDATE_PRODUCT = YES;
			};
			name = Release;
		};
		598AF4CD1473EDA80009B0F7 /* Debug */ = {
			isa = XCBuildConfiguration;
			buildSettings = {
				GCC_PRECOMPILE_PREFIX_HEADER = YES;
				GCC_PREFIX_HEADER = "CustomNavigationBarController/CustomNavigationBarController-Prefix.pch";
				INFOPLIST_FILE = "CustomNavigationBarController/CustomNavigationBarController-Info.plist";
				IPHONEOS_DEPLOYMENT_TARGET = 3.0;
				PRODUCT_NAME = "$(TARGET_NAME)";
				WRAPPER_EXTENSION = app;
			};
			name = Debug;
		};
		598AF4CE1473EDA80009B0F7 /* Release */ = {
			isa = XCBuildConfiguration;
			buildSettings = {
				GCC_PRECOMPILE_PREFIX_HEADER = YES;
				GCC_PREFIX_HEADER = "CustomNavigationBarController/CustomNavigationBarController-Prefix.pch";
				INFOPLIST_FILE = "CustomNavigationBarController/CustomNavigationBarController-Info.plist";
				IPHONEOS_DEPLOYMENT_TARGET = 3.0;
				PRODUCT_NAME = "$(TARGET_NAME)";
				WRAPPER_EXTENSION = app;
			};
			name = Release;
		};
/* End XCBuildConfiguration section */

/* Begin XCConfigurationList section */
		598AF4AE1473EDA80009B0F7 /* Build configuration list for PBXProject "CustomNavigationBarController" */ = {
			isa = XCConfigurationList;
			buildConfigurations = (
				598AF4CA1473EDA80009B0F7 /* Debug */,
				598AF4CB1473EDA80009B0F7 /* Release */,
			);
			defaultConfigurationIsVisible = 0;
			defaultConfigurationName = Release;
		};
		598AF4CC1473EDA80009B0F7 /* Build configuration list for PBXNativeTarget "CustomNavigationBarController" */ = {
			isa = XCConfigurationList;
			buildConfigurations = (
				598AF4CD1473EDA80009B0F7 /* Debug */,
				598AF4CE1473EDA80009B0F7 /* Release */,
			);
			defaultConfigurationIsVisible = 0;
		};
/* End XCConfigurationList section */
	};
	rootObject = 598AF4AB1473EDA80009B0F7 /* Project object */;
}
